
Microsoft Visual Studio Solution File, Format Version 12.00
# Visual Studio Version 17
VisualStudioVersion = 17.1.32328.378
MinimumVisualStudioVersion = 10.0.40219.1
Project("{FAE04EC0-301F-11D3-BF4B-00C04F79EFBC}") = "Overlayer", "Overlayer\Overlayer.csproj", "{54928BEA-BD8B-46A5-8EC7-1355C4D7A977}"
EndProject
Project("{FAE04EC0-301F-11D3-BF4B-00C04F79EFBC}") = "TagLib", "TagLib\TagLib.csproj", "{541404B2-1CB8-4610-8F07-7157F623B93D}"
EndProject
Global
	GlobalSection(SolutionConfigurationPlatforms) = preSolution
		Debug|Any CPU = Debug|Any CPU
		Debug|x64 = Debug|x64
		Release|Any CPU = Release|Any CPU
		Release|x64 = Release|x64
	EndGlobalSection
	GlobalSection(ProjectConfigurationPlatforms) = postSolution
		{54928BEA-BD8B-46A5-8EC7-1355C4D7A977}.Debug|Any CPU.ActiveCfg = Debug|Any CPU
		{54928BEA-BD8B-46A5-8EC7-1355C4D7A977}.Debug|Any CPU.Build.0 = Debug|Any CPU
		{54928BEA-BD8B-46A5-8EC7-1355C4D7A977}.Debug|x64.ActiveCfg = Debug|x64
		{54928BEA-BD8B-46A5-8EC7-1355C4D7A977}.Debug|x64.Build.0 = Debug|x64
		{54928BEA-BD8B-46A5-8EC7-1355C4D7A977}.Release|Any CPU.ActiveCfg = Release|Any CPU
		{54928BEA-BD8B-46A5-8EC7-1355C4D7A977}.Release|Any CPU.Build.0 = Release|Any CPU
		{54928BEA-BD8B-46A5-8EC7-1355C4D7A977}.Release|x64.ActiveCfg = Release|x64
		{54928BEA-BD8B-46A5-8EC7-1355C4D7A977}.Release|x64.Build.0 = Release|x64
		{541404B2-1CB8-4610-8F07-7157F623B93D}.Debug|Any CPU.ActiveCfg = Debug|Any CPU
		{541404B2-1CB8-4610-8F07-7157F623B93D}.Debug|Any CPU.Build.0 = Debug|Any CPU
		{541404B2-1CB8-4610-8F07-7157F623B93D}.Debug|x64.ActiveCfg = Debug|x64
		{541404B2-1CB8-4610-8F07-7157F623B93D}.Debug|x64.Build.0 = Debug|x64
		{541404B2-1CB8-4610-8F07-7157F623B93D}.Release|Any CPU.ActiveCfg = Release|Any CPU
		{541404B2-1CB8-4610-8F07-7157F623B93D}.Release|Any CPU.Build.0 = Release|Any CPU
		{541404B2-1CB8-4610-8F07-7157F623B93D}.Release|x64.ActiveCfg = Release|x64
		{541404B2-1CB8-4610-8F07-7157F623B93D}.Release|x64.Build.0 = Release|x64
	EndGlobalSection
	GlobalSection(SolutionProperties) = preSolution
		HideSolutionNode = FALSE
	EndGlobalSection
	GlobalSection(ExtensibilityGlobals) = postSolution
		SolutionGuid = {2E9B6FB8-C3CD-4DDA-9637-530A567D58E3}
	EndGlobalSection
EndGlobal
